
Microsoft Visual Studio Solution File, Format Version 12.00
# Visual Studio Version 16
VisualStudioVersion = 16.0.30503.244
MinimumVisualStudioVersion = 10.0.40219.1
Project("{8BC9CEB8-8B4A-11D0-8D11-00A0C91BC942}") = "ClassFactoryDllClientWithRegFile", "ClassFactoryDllClientWithRegFile.vcxproj", "{BDC96296-7449-434C-82DE-A5E3657ACACD}"
EndProject
Global
	GlobalSection(SolutionConfigurationPlatforms) = preSolution
		Debug|x64 = Debug|x64
		Debug|x86 = Debug|x86
		Release|x64 = Release|x64
		Release|x86 = Release|x86
	EndGlobalSection
	GlobalSection(ProjectConfigurationPlatforms) = postSolution
		{BDC96296-7449-434C-82DE-A5E3657ACACD}.Debug|x64.ActiveCfg = Debug|x64
		{BDC96296-7449-434C-82DE-A5E3657ACACD}.Debug|x64.Build.0 = Debug|x64
		{BDC96296-7449-434C-82DE-A5E3657ACACD}.Debug|x86.ActiveCfg = Debug|Win32
		{BDC96296-7449-434C-82DE-A5E3657ACACD}.Debug|x86.Build.0 = Debug|Win32
		{BDC96296-7449-434C-82DE-A5E3657ACACD}.Release|x64.ActiveCfg = Release|x64
		{BDC96296-7449-434C-82DE-A5E3657ACACD}.Release|x64.Build.0 = Release|x64
		{BDC96296-7449-434C-82DE-A5E3657ACACD}.Release|x86.ActiveCfg = Release|Win32
		{BDC96296-7449-434C-82DE-A5E3657ACACD}.Release|x86.Build.0 = Release|Win32
	EndGlobalSection
	GlobalSection(SolutionProperties) = preSolution
		HideSolutionNode = FALSE
	EndGlobalSection
	GlobalSection(ExtensibilityGlobals) = postSolution
		SolutionGuid = {DECB6736-E06F-45F1-AAC6-9A79DAD09CED}
	EndGlobalSection
EndGlobal
