
Microsoft Visual Studio Solution File, Format Version 12.00
# Visual Studio Version 16
VisualStudioVersion = 16.0.30503.244
MinimumVisualStudioVersion = 10.0.40219.1
Project("{8BC9CEB8-8B4A-11D0-8D11-00A0C91BC942}") = "ClientOfAggregationWithRegFile", "ClientOfAggregationWithRegFile.vcxproj", "{4DF98E42-51E1-42A3-82C3-E0FE89ACD688}"
EndProject
Global
	GlobalSection(SolutionConfigurationPlatforms) = preSolution
		Debug|x64 = Debug|x64
		Debug|x86 = Debug|x86
		Release|x64 = Release|x64
		Release|x86 = Release|x86
	EndGlobalSection
	GlobalSection(ProjectConfigurationPlatforms) = postSolution
		{4DF98E42-51E1-42A3-82C3-E0FE89ACD688}.Debug|x64.ActiveCfg = Debug|x64
		{4DF98E42-51E1-42A3-82C3-E0FE89ACD688}.Debug|x64.Build.0 = Debug|x64
		{4DF98E42-51E1-42A3-82C3-E0FE89ACD688}.Debug|x86.ActiveCfg = Debug|Win32
		{4DF98E42-51E1-42A3-82C3-E0FE89ACD688}.Debug|x86.Build.0 = Debug|Win32
		{4DF98E42-51E1-42A3-82C3-E0FE89ACD688}.Release|x64.ActiveCfg = Release|x64
		{4DF98E42-51E1-42A3-82C3-E0FE89ACD688}.Release|x64.Build.0 = Release|x64
		{4DF98E42-51E1-42A3-82C3-E0FE89ACD688}.Release|x86.ActiveCfg = Release|Win32
		{4DF98E42-51E1-42A3-82C3-E0FE89ACD688}.Release|x86.Build.0 = Release|Win32
	EndGlobalSection
	GlobalSection(SolutionProperties) = preSolution
		HideSolutionNode = FALSE
	EndGlobalSection
	GlobalSection(ExtensibilityGlobals) = postSolution
		SolutionGuid = {04F8C236-A39C-4B8C-B0E2-7D480DC9DADF}
	EndGlobalSection
EndGlobal
