
Microsoft Visual Studio Solution File, Format Version 12.00
# Visual Studio Version 16
VisualStudioVersion = 16.0.30503.244
MinimumVisualStudioVersion = 10.0.40219.1
Project("{8BC9CEB8-8B4A-11D0-8D11-00A0C91BC942}") = "MyDllUser", "MyDllUser.vcxproj", "{38470D2C-AC93-4251-85B2-71CA5FC995C1}"
EndProject
Global
	GlobalSection(SolutionConfigurationPlatforms) = preSolution
		Debug|x64 = Debug|x64
		Debug|x86 = Debug|x86
		Release|x64 = Release|x64
		Release|x86 = Release|x86
	EndGlobalSection
	GlobalSection(ProjectConfigurationPlatforms) = postSolution
		{38470D2C-AC93-4251-85B2-71CA5FC995C1}.Debug|x64.ActiveCfg = Debug|x64
		{38470D2C-AC93-4251-85B2-71CA5FC995C1}.Debug|x64.Build.0 = Debug|x64
		{38470D2C-AC93-4251-85B2-71CA5FC995C1}.Debug|x86.ActiveCfg = Debug|Win32
		{38470D2C-AC93-4251-85B2-71CA5FC995C1}.Debug|x86.Build.0 = Debug|Win32
		{38470D2C-AC93-4251-85B2-71CA5FC995C1}.Release|x64.ActiveCfg = Release|x64
		{38470D2C-AC93-4251-85B2-71CA5FC995C1}.Release|x64.Build.0 = Release|x64
		{38470D2C-AC93-4251-85B2-71CA5FC995C1}.Release|x86.ActiveCfg = Release|Win32
		{38470D2C-AC93-4251-85B2-71CA5FC995C1}.Release|x86.Build.0 = Release|Win32
	EndGlobalSection
	GlobalSection(SolutionProperties) = preSolution
		HideSolutionNode = FALSE
	EndGlobalSection
	GlobalSection(ExtensibilityGlobals) = postSolution
		SolutionGuid = {B4DEF7A1-BE70-4C4D-A7F6-78CF70514A0B}
	EndGlobalSection
EndGlobal
